// !$*UTF8*$!
{
	archiveVersion = 1;
	classes = {
	};
	objectVersion = 50;
	objects = {

/* Begin PBXBuildFile section */
		BA38499B2305548C006E7BA0 /* AppDelegate.swift in Sources */ = {isa = PBXBuildFile; fileRef = BA38499A2305548C006E7BA0 /* AppDelegate.swift */; };
		BA38499D2305548C006E7BA0 /* cave1ViewController.swift in Sources */ = {isa = PBXBuildFile; fileRef = BA38499C2305548C006E7BA0 /* cave1ViewController.swift */; };
		BA3849A02305548C006E7BA0 /* Main.storyboard in Resources */ = {isa = PBXBuildFile; fileRef = BA38499E2305548C006E7BA0 /* Main.storyboard */; };
		BA3849A22305548D006E7BA0 /* Assets.xcassets in Resources */ = {isa = PBXBuildFile; fileRef = BA3849A12305548D006E7BA0 /* Assets.xcassets */; };
		BA3849A52305548D006E7BA0 /* LaunchScreen.storyboard in Resources */ = {isa = PBXBuildFile; fileRef = BA3849A32305548D006E7BA0 /* LaunchScreen.storyboard */; };
		BA3849FB2309219A006E7BA0 /* GameScene.swift in Sources */ = {isa = PBXBuildFile; fileRef = BA3849FA2309219A006E7BA0 /* GameScene.swift */; };
		BA3849FD230BC306006E7BA0 /* battleMessageViewController.swift in Sources */ = {isa = PBXBuildFile; fileRef = BA3849FC230BC306006E7BA0 /* battleMessageViewController.swift */; };
		BA384A01230C1E5D006E7BA0 /* battleCommandViewController.swift in Sources */ = {isa = PBXBuildFile; fileRef = BA384A00230C1E5D006E7BA0 /* battleCommandViewController.swift */; };
/* End PBXBuildFile section */

/* Begin PBXFileReference section */
		BA3849972305548C006E7BA0 /* firstRPG.app */ = {isa = PBXFileReference; explicitFileType = wrapper.application; includeInIndex = 0; path = firstRPG.app; sourceTree = BUILT_PRODUCTS_DIR; };
		BA38499A2305548C006E7BA0 /* AppDelegate.swift */ = {isa = PBXFileReference; lastKnownFileType = sourcecode.swift; path = AppDelegate.swift; sourceTree = "<group>"; };
		BA38499C2305548C006E7BA0 /* cave1ViewController.swift */ = {isa = PBXFileReference; lastKnownFileType = sourcecode.swift; path = cave1ViewController.swift; sourceTree = "<group>"; };
		BA38499F2305548C006E7BA0 /* Base */ = {isa = PBXFileReference; lastKnownFileType = file.storyboard; name = Base; path = Base.lproj/Main.storyboard; sourceTree = "<group>"; };
		BA3849A12305548D006E7BA0 /* Assets.xcassets */ = {isa = PBXFileReference; lastKnownFileType = folder.assetcatalog; path = Assets.xcassets; sourceTree = "<group>"; };
		BA3849A42305548D006E7BA0 /* Base */ = {isa = PBXFileReference; lastKnownFileType = file.storyboard; name = Base; path = Base.lproj/LaunchScreen.storyboard; sourceTree = "<group>"; };
		BA3849A62305548D006E7BA0 /* Info.plist */ = {isa = PBXFileReference; lastKnownFileType = text.plist.xml; path = Info.plist; sourceTree = "<group>"; };
		BA3849FA2309219A006E7BA0 /* GameScene.swift */ = {isa = PBXFileReference; lastKnownFileType = sourcecode.swift; path = GameScene.swift; sourceTree = "<group>"; };
		BA3849FC230BC306006E7BA0 /* battleMessageViewController.swift */ = {isa = PBXFileReference; lastKnownFileType = sourcecode.swift; path = battleMessageViewController.swift; sourceTree = "<group>"; };
		BA384A00230C1E5D006E7BA0 /* battleCommandViewController.swift */ = {isa = PBXFileReference; lastKnownFileType = sourcecode.swift; path = battleCommandViewController.swift; sourceTree = "<group>"; };
/* End PBXFileReference section */

/* Begin PBXFrameworksBuildPhase section */
		BA3849942305548C006E7BA0 /* Frameworks */ = {
			isa = PBXFrameworksBuildPhase;
			buildActionMask = 2147483647;
			files = (
			);
			runOnlyForDeploymentPostprocessing = 0;
		};
/* End PBXFrameworksBuildPhase section */

/* Begin PBXGroup section */
		BA38498E2305548C006E7BA0 = {
			isa = PBXGroup;
			children = (
				BA3849992305548C006E7BA0 /* firstRPG */,
				BA3849982305548C006E7BA0 /* Products */,
			);
			sourceTree = "<group>";
		};
		BA3849982305548C006E7BA0 /* Products */ = {
			isa = PBXGroup;
			children = (
				BA3849972305548C006E7BA0 /* firstRPG.app */,
			);
			name = Products;
			sourceTree = "<group>";
		};
		BA3849992305548C006E7BA0 /* firstRPG */ = {
			isa = PBXGroup;
			children = (
				BA3849FF230C1E17006E7BA0 /* caveDungeon */,
				BA3849FE230C1DFD006E7BA0 /* battle */,
				BA38499A2305548C006E7BA0 /* AppDelegate.swift */,
				BA38499E2305548C006E7BA0 /* Main.storyboard */,
				BA3849A12305548D006E7BA0 /* Assets.xcassets */,
				BA3849A32305548D006E7BA0 /* LaunchScreen.storyboard */,
				BA3849A62305548D006E7BA0 /* Info.plist */,
				BA3849FA2309219A006E7BA0 /* GameScene.swift */,
			);
			path = firstRPG;
			sourceTree = "<group>";
		};
		BA3849FE230C1DFD006E7BA0 /* battle */ = {
			isa = PBXGroup;
			children = (
				BA3849FC230BC306006E7BA0 /* battleMessageViewController.swift */,
				BA384A00230C1E5D006E7BA0 /* battleCommandViewController.swift */,
			);
			path = battle;
			sourceTree = "<group>";
		};
		BA3849FF230C1E17006E7BA0 /* caveDungeon */ = {
			isa = PBXGroup;
			children = (
				BA38499C2305548C006E7BA0 /* cave1ViewController.swift */,
			);
			path = caveDungeon;
			sourceTree = "<group>";
		};
/* End PBXGroup section */

/* Begin PBXNativeTarget section */
		BA3849962305548C006E7BA0 /* firstRPG */ = {
			isa = PBXNativeTarget;
			buildConfigurationList = BA3849A92305548D006E7BA0 /* Build configuration list for PBXNativeTarget "firstRPG" */;
			buildPhases = (
				BA3849932305548C006E7BA0 /* Sources */,
				BA3849942305548C006E7BA0 /* Frameworks */,
				BA3849952305548C006E7BA0 /* Resources */,
			);
			buildRules = (
			);
			dependencies = (
			);
			name = firstRPG;
			productName = firstRPG;
			productReference = BA3849972305548C006E7BA0 /* firstRPG.app */;
			productType = "com.apple.product-type.application";
		};
/* End PBXNativeTarget section */

/* Begin PBXProject section */
		BA38498F2305548C006E7BA0 /* Project object */ = {
			isa = PBXProject;
			attributes = {
				LastSwiftUpdateCheck = 1020;
				LastUpgradeCheck = 1020;
				ORGANIZATIONNAME = "吉澤優衣";
				TargetAttributes = {
					BA3849962305548C006E7BA0 = {
						CreatedOnToolsVersion = 10.2.1;
					};
				};
			};
			buildConfigurationList = BA3849922305548C006E7BA0 /* Build configuration list for PBXProject "firstRPG" */;
			compatibilityVersion = "Xcode 9.3";
			developmentRegion = en;
			hasScannedForEncodings = 0;
			knownRegions = (
				en,
				Base,
			);
			mainGroup = BA38498E2305548C006E7BA0;
			productRefGroup = BA3849982305548C006E7BA0 /* Products */;
			projectDirPath = "";
			projectRoot = "";
			targets = (
				BA3849962305548C006E7BA0 /* firstRPG */,
			);
		};
/* End PBXProject section */

/* Begin PBXResourcesBuildPhase section */
		BA3849952305548C006E7BA0 /* Resources */ = {
			isa = PBXResourcesBuildPhase;
			buildActionMask = 2147483647;
			files = (
				BA3849A52305548D006E7BA0 /* LaunchScreen.storyboard in Resources */,
				BA3849A22305548D006E7BA0 /* Assets.xcassets in Resources */,
				BA3849A02305548C006E7BA0 /* Main.storyboard in Resources */,
			);
			runOnlyForDeploymentPostprocessing = 0;
		};
/* End PBXResourcesBuildPhase section */

/* Begin PBXSourcesBuildPhase section */
		BA3849932305548C006E7BA0 /* Sources */ = {
			isa = PBXSourcesBuildPhase;
			buildActionMask = 2147483647;
			files = (
				BA3849FB2309219A006E7BA0 /* GameScene.swift in Sources */,
				BA384A01230C1E5D006E7BA0 /* battleCommandViewController.swift in Sources */,
				BA38499D2305548C006E7BA0 /* cave1ViewController.swift in Sources */,
				BA38499B2305548C006E7BA0 /* AppDelegate.swift in Sources */,
				BA3849FD230BC306006E7BA0 /* battleMessageViewController.swift in Sources */,
			);
			runOnlyForDeploymentPostprocessing = 0;
		};
/* End PBXSourcesBuildPhase section */

/* Begin PBXVariantGroup section */
		BA38499E2305548C006E7BA0 /* Main.storyboard */ = {
			isa = PBXVariantGroup;
			children = (
				BA38499F2305548C006E7BA0 /* Base */,
			);
			name = Main.storyboard;
			sourceTree = "<group>";
		};
		BA3849A32305548D006E7BA0 /* LaunchScreen.storyboard */ = {
			isa = PBXVariantGroup;
			children = (
				BA3849A42305548D006E7BA0 /* Base */,
			);
			name = LaunchScreen.storyboard;
			sourceTree = "<group>";
		};
/* End PBXVariantGroup section */

/* Begin XCBuildConfiguration section */
		BA3849A72305548D006E7BA0 /* Debug */ = {
			isa = XCBuildConfiguration;
			buildSettings = {
				ALWAYS_SEARCH_USER_PATHS = NO;
				CLANG_ANALYZER_NONNULL = YES;
				CLANG_ANALYZER_NUMBER_OBJECT_CONVERSION = YES_AGGRESSIVE;
				CLANG_CXX_LANGUAGE_STANDARD = "gnu++14";
				CLANG_CXX_LIBRARY = "libc++";
				CLANG_ENABLE_MODULES = YES;
				CLANG_ENABLE_OBJC_ARC = YES;
				CLANG_ENABLE_OBJC_WEAK = YES;
				CLANG_WARN_BLOCK_CAPTURE_AUTORELEASING = YES;
				CLANG_WARN_BOOL_CONVERSION = YES;
				CLANG_WARN_COMMA = YES;
				CLANG_WARN_CONSTANT_CONVERSION = YES;
				CLANG_WARN_DEPRECATED_OBJC_IMPLEMENTATIONS = YES;
				CLANG_WARN_DIRECT_OBJC_ISA_USAGE = YES_ERROR;
				CLANG_WARN_DOCUMENTATION_COMMENTS = YES;
				CLANG_WARN_EMPTY_BODY = YES;
				CLANG_WARN_ENUM_CONVERSION = YES;
				CLANG_WARN_INFINITE_RECURSION = YES;
				CLANG_WARN_INT_CONVERSION = YES;
				CLANG_WARN_NON_LITERAL_NULL_CONVERSION = YES;
				CLANG_WARN_OBJC_IMPLICIT_RETAIN_SELF = YES;
				CLANG_WARN_OBJC_LITERAL_CONVERSION = YES;
				CLANG_WARN_OBJC_ROOT_CLASS = YES_ERROR;
				CLANG_WARN_RANGE_LOOP_ANALYSIS = YES;
				CLANG_WARN_STRICT_PROTOTYPES = YES;
				CLANG_WARN_SUSPICIOUS_MOVE = YES;
				CLANG_WARN_UNGUARDED_AVAILABILITY = YES_AGGRESSIVE;
				CLANG_WARN_UNREACHABLE_CODE = YES;
				CLANG_WARN__DUPLICATE_METHOD_MATCH = YES;
				CODE_SIGN_IDENTITY = "iPhone Developer";
				COPY_PHASE_STRIP = NO;
				DEBUG_INFORMATION_FORMAT = dwarf;
				ENABLE_STRICT_OBJC_MSGSEND = YES;
				ENABLE_TESTABILITY = YES;
				GCC_C_LANGUAGE_STANDARD = gnu11;
				GCC_DYNAMIC_NO_PIC = NO;
				GCC_NO_COMMON_BLOCKS = YES;
				GCC_OPTIMIZATION_LEVEL = 0;
				GCC_PREPROCESSOR_DEFINITIONS = (
					"DEBUG=1",
					"$(inherited)",
				);
				GCC_WARN_64_TO_32_BIT_CONVERSION = YES;
				GCC_WARN_ABOUT_RETURN_TYPE = YES_ERROR;
				GCC_WARN_UNDECLARED_SELECTOR = YES;
				GCC_WARN_UNINITIALIZED_AUTOS = YES_AGGRESSIVE;
				GCC_WARN_UNUSED_FUNCTION = YES;
				GCC_WARN_UNUSED_VARIABLE = YES;
				IPHONEOS_DEPLOYMENT_TARGET = 12.2;
				MTL_ENABLE_DEBUG_INFO = INCLUDE_SOURCE;
				MTL_FAST_MATH = YES;
				ONLY_ACTIVE_ARCH = YES;
				SDKROOT = iphoneos;
				SWIFT_ACTIVE_COMPILATION_CONDITIONS = DEBUG;
				SWIFT_OPTIMIZATION_LEVEL = "-Onone";
			};
			name = Debug;
		};
		BA3849A82305548D006E7BA0 /* Release */ = {
			isa = XCBuildConfiguration;
			buildSettings = {
				ALWAYS_SEARCH_USER_PATHS = NO;
				CLANG_ANALYZER_NONNULL = YES;
				CLANG_ANALYZER_NUMBER_OBJECT_CONVERSION = YES_AGGRESSIVE;
				CLANG_CXX_LANGUAGE_STANDARD = "gnu++14";
				CLANG_CXX_LIBRARY = "libc++";
				CLANG_ENABLE_MODULES = YES;
				CLANG_ENABLE_OBJC_ARC = YES;
				CLANG_ENABLE_OBJC_WEAK = YES;
				CLANG_WARN_BLOCK_CAPTURE_AUTORELEASING = YES;
				CLANG_WARN_BOOL_CONVERSION = YES;
				CLANG_WARN_COMMA = YES;
				CLANG_WARN_CONSTANT_CONVERSION = YES;
				CLANG_WARN_DEPRECATED_OBJC_IMPLEMENTATIONS = YES;
				CLANG_WARN_DIRECT_OBJC_ISA_USAGE = YES_ERROR;
				CLANG_WARN_DOCUMENTATION_COMMENTS = YES;
				CLANG_WARN_EMPTY_BODY = YES;
				CLANG_WARN_ENUM_CONVERSION = YES;
				CLANG_WARN_INFINITE_RECURSION = YES;
				CLANG_WARN_INT_CONVERSION = YES;
				CLANG_WARN_NON_LITERAL_NULL_CONVERSION = YES;
				CLANG_WARN_OBJC_IMPLICIT_RETAIN_SELF = YES;
				CLANG_WARN_OBJC_LITERAL_CONVERSION = YES;
				CLANG_WARN_OBJC_ROOT_CLASS = YES_ERROR;
				CLANG_WARN_RANGE_LOOP_ANALYSIS = YES;
				CLANG_WARN_STRICT_PROTOTYPES = YES;
				CLANG_WARN_SUSPICIOUS_MOVE = YES;
				CLANG_WARN_UNGUARDED_AVAILABILITY = YES_AGGRESSIVE;
				CLANG_WARN_UNREACHABLE_CODE = YES;
				CLANG_WARN__DUPLICATE_METHOD_MATCH = YES;
				CODE_SIGN_IDENTITY = "iPhone Developer";
				COPY_PHASE_STRIP = NO;
				DEBUG_INFORMATION_FORMAT = "dwarf-with-dsym";
				ENABLE_NS_ASSERTIONS = NO;
				ENABLE_STRICT_OBJC_MSGSEND = YES;
				GCC_C_LANGUAGE_STANDARD = gnu11;
				GCC_NO_COMMON_BLOCKS = YES;
				GCC_WARN_64_TO_32_BIT_CONVERSION = YES;
				GCC_WARN_ABOUT_RETURN_TYPE = YES_ERROR;
				GCC_WARN_UNDECLARED_SELECTOR = YES;
				GCC_WARN_UNINITIALIZED_AUTOS = YES_AGGRESSIVE;
				GCC_WARN_UNUSED_FUNCTION = YES;
				GCC_WARN_UNUSED_VARIABLE = YES;
				IPHONEOS_DEPLOYMENT_TARGET = 12.2;
				MTL_ENABLE_DEBUG_INFO = NO;
				MTL_FAST_MATH = YES;
				SDKROOT = iphoneos;
				SWIFT_COMPILATION_MODE = wholemodule;
				SWIFT_OPTIMIZATION_LEVEL = "-O";
				VALIDATE_PRODUCT = YES;
			};
			name = Release;
		};
		BA3849AA2305548D006E7BA0 /* Debug */ = {
			isa = XCBuildConfiguration;
			buildSettings = {
				ASSETCATALOG_COMPILER_APPICON_NAME = AppIcon;
				CODE_SIGN_STYLE = Automatic;
				INFOPLIST_FILE = firstRPG/Info.plist;
				LD_RUNPATH_SEARCH_PATHS = (
					"$(inherited)",
					"@executable_path/Frameworks",
				);
				PRODUCT_BUNDLE_IDENTIFIER = project.firstRPG;
				PRODUCT_NAME = "$(TARGET_NAME)";
				SWIFT_VERSION = 5.0;
				TARGETED_DEVICE_FAMILY = 1;
			};
			name = Debug;
		};
		BA3849AB2305548D006E7BA0 /* Release */ = {
			isa = XCBuildConfiguration;
			buildSettings = {
				ASSETCATALOG_COMPILER_APPICON_NAME = AppIcon;
				CODE_SIGN_STYLE = Automatic;
				INFOPLIST_FILE = firstRPG/Info.plist;
				LD_RUNPATH_SEARCH_PATHS = (
					"$(inherited)",
					"@executable_path/Frameworks",
				);
				PRODUCT_BUNDLE_IDENTIFIER = project.firstRPG;
				PRODUCT_NAME = "$(TARGET_NAME)";
				SWIFT_VERSION = 5.0;
				TARGETED_DEVICE_FAMILY = 1;
			};
			name = Release;
		};
/* End XCBuildConfiguration section */

/* Begin XCConfigurationList section */
		BA3849922305548C006E7BA0 /* Build configuration list for PBXProject "firstRPG" */ = {
			isa = XCConfigurationList;
			buildConfigurations = (
				BA3849A72305548D006E7BA0 /* Debug */,
				BA3849A82305548D006E7BA0 /* Release */,
			);
			defaultConfigurationIsVisible = 0;
			defaultConfigurationName = Release;
		};
		BA3849A92305548D006E7BA0 /* Build configuration list for PBXNativeTarget "firstRPG" */ = {
			isa = XCConfigurationList;
			buildConfigurations = (
				BA3849AA2305548D006E7BA0 /* Debug */,
				BA3849AB2305548D006E7BA0 /* Release */,
			);
			defaultConfigurationIsVisible = 0;
			defaultConfigurationName = Release;
		};
/* End XCConfigurationList section */
	};
	rootObject = BA38498F2305548C006E7BA0 /* Project object */;
}
