// !$*UTF8*$!
{
	archiveVersion = 1;
	classes = {
	};
	objectVersion = 51;
	objects = {

/* Begin PBXBuildFile section */
		466ABDD5956C615BB1A9CD6A /* Pods_firstRPG.framework in Frameworks */ = {isa = PBXBuildFile; fileRef = F95033C4BFEFF3AE2175C0E5 /* Pods_firstRPG.framework */; };
		BA1F24672317C0A8003BA769 /* AppTopViewController.swift in Sources */ = {isa = PBXBuildFile; fileRef = BA1F24662317C0A8003BA769 /* AppTopViewController.swift */; };
		BA23F6002585E08D008AB69B /* Sound.swift in Sources */ = {isa = PBXBuildFile; fileRef = BA23F5FF2585E08D008AB69B /* Sound.swift */; };
		BA23F6052585EA90008AB69B /* voice_female.mp3 in Resources */ = {isa = PBXBuildFile; fileRef = BA23F6032585EA90008AB69B /* voice_female.mp3 */; };
		BA23F6062585EA90008AB69B /* voice_male.mp3 in Resources */ = {isa = PBXBuildFile; fileRef = BA23F6042585EA90008AB69B /* voice_male.mp3 */; };
		BA2A5DB4254EC8800085A3EF /* MessageEntity.swift in Sources */ = {isa = PBXBuildFile; fileRef = BA2A5DB3254EC8800085A3EF /* MessageEntity.swift */; };
		BA2A9CAF230E65FE00E13DC8 /* cave9ViewController.swift in Sources */ = {isa = PBXBuildFile; fileRef = BA2A9CAE230E65FE00E13DC8 /* cave9ViewController.swift */; };
		BA2A9CB1230E6E3B00E13DC8 /* cave2ViewController.swift in Sources */ = {isa = PBXBuildFile; fileRef = BA2A9CB0230E6E3B00E13DC8 /* cave2ViewController.swift */; };
		BA38499B2305548C006E7BA0 /* AppDelegate.swift in Sources */ = {isa = PBXBuildFile; fileRef = BA38499A2305548C006E7BA0 /* AppDelegate.swift */; };
		BA38499D2305548C006E7BA0 /* cave1ViewController.swift in Sources */ = {isa = PBXBuildFile; fileRef = BA38499C2305548C006E7BA0 /* cave1ViewController.swift */; };
		BA3849A22305548D006E7BA0 /* Assets.xcassets in Resources */ = {isa = PBXBuildFile; fileRef = BA3849A12305548D006E7BA0 /* Assets.xcassets */; };
		BA3849A52305548D006E7BA0 /* LaunchScreen.storyboard in Resources */ = {isa = PBXBuildFile; fileRef = BA3849A32305548D006E7BA0 /* LaunchScreen.storyboard */; };
		BA3849FD230BC306006E7BA0 /* battleMessageViewController.swift in Sources */ = {isa = PBXBuildFile; fileRef = BA3849FC230BC306006E7BA0 /* battleMessageViewController.swift */; };
		BA384A01230C1E5D006E7BA0 /* battleCommandViewController.swift in Sources */ = {isa = PBXBuildFile; fileRef = BA384A00230C1E5D006E7BA0 /* battleCommandViewController.swift */; };
		BA3887B725451CEF00C5380E /* MessageView.swift in Sources */ = {isa = PBXBuildFile; fileRef = BA3887B625451CEF00C5380E /* MessageView.swift */; };
		BA3887C6254599E100C5380E /* Introduction2ViewModel.swift in Sources */ = {isa = PBXBuildFile; fileRef = BA3887C5254599E100C5380E /* Introduction2ViewModel.swift */; };
		BA3887CB254BA79600C5380E /* Introduction1ViewModel.swift in Sources */ = {isa = PBXBuildFile; fileRef = BA3887CA254BA79600C5380E /* Introduction1ViewModel.swift */; };
		BA4447F323103B37006E4E16 /* cave3ViewController.swift in Sources */ = {isa = PBXBuildFile; fileRef = BA4447F223103B37006E4E16 /* cave3ViewController.swift */; };
		BA89C2FD2313DF3F00EBBAC8 /* cave4ViewController.swift in Sources */ = {isa = PBXBuildFile; fileRef = BA89C2FC2313DF3F00EBBAC8 /* cave4ViewController.swift */; };
		BA89C2FF2313DF4F00EBBAC8 /* cave5ViewController.swift in Sources */ = {isa = PBXBuildFile; fileRef = BA89C2FE2313DF4F00EBBAC8 /* cave5ViewController.swift */; };
		BA89C3012313DF5D00EBBAC8 /* cave6ViewController.swift in Sources */ = {isa = PBXBuildFile; fileRef = BA89C3002313DF5D00EBBAC8 /* cave6ViewController.swift */; };
		BA89C3032313DF7200EBBAC8 /* cave7ViewController.swift in Sources */ = {isa = PBXBuildFile; fileRef = BA89C3022313DF7200EBBAC8 /* cave7ViewController.swift */; };
		BA89C3052313DF8100EBBAC8 /* cave8ViewController.swift in Sources */ = {isa = PBXBuildFile; fileRef = BA89C3042313DF8100EBBAC8 /* cave8ViewController.swift */; };
		BAA9D34C2542D9A300F0A736 /* AppTop.storyboard in Resources */ = {isa = PBXBuildFile; fileRef = BAA9D34B2542D9A300F0A736 /* AppTop.storyboard */; };
		BAA9D3502542DA8400F0A736 /* Introduction1ViewController.storyboard in Resources */ = {isa = PBXBuildFile; fileRef = BAA9D34F2542DA8400F0A736 /* Introduction1ViewController.storyboard */; };
		BAA9D3532542DAA500F0A736 /* Introduction2ViewController.storyboard in Resources */ = {isa = PBXBuildFile; fileRef = BAA9D3522542DAA500F0A736 /* Introduction2ViewController.storyboard */; };
		BAA9D3592542DBF400F0A736 /* EndingViewController.storyboard in Resources */ = {isa = PBXBuildFile; fileRef = BAA9D3582542DBF400F0A736 /* EndingViewController.storyboard */; };
		BAA9D35F2542DD4900F0A736 /* Cave1ViewController.storyboard in Resources */ = {isa = PBXBuildFile; fileRef = BAA9D35E2542DD4900F0A736 /* Cave1ViewController.storyboard */; };
		BAA9D3632542DD9300F0A736 /* Cave2ViewController.storyboard in Resources */ = {isa = PBXBuildFile; fileRef = BAA9D3622542DD9300F0A736 /* Cave2ViewController.storyboard */; };
		BAA9D3662542DD9E00F0A736 /* Cave3ViewController.storyboard in Resources */ = {isa = PBXBuildFile; fileRef = BAA9D3652542DD9E00F0A736 /* Cave3ViewController.storyboard */; };
		BAA9D3692542DDA900F0A736 /* Cave4ViewController.storyboard in Resources */ = {isa = PBXBuildFile; fileRef = BAA9D3682542DDA900F0A736 /* Cave4ViewController.storyboard */; };
		BAA9D36C2542DDB500F0A736 /* Cave5ViewController.storyboard in Resources */ = {isa = PBXBuildFile; fileRef = BAA9D36B2542DDB500F0A736 /* Cave5ViewController.storyboard */; };
		BAA9D36F2542DDC000F0A736 /* Cave6ViewController.storyboard in Resources */ = {isa = PBXBuildFile; fileRef = BAA9D36E2542DDC000F0A736 /* Cave6ViewController.storyboard */; };
		BAA9D3722542DDCB00F0A736 /* Cave7ViewController.storyboard in Resources */ = {isa = PBXBuildFile; fileRef = BAA9D3712542DDCB00F0A736 /* Cave7ViewController.storyboard */; };
		BAA9D3752542DDD800F0A736 /* Cave8ViewController.storyboard in Resources */ = {isa = PBXBuildFile; fileRef = BAA9D3742542DDD800F0A736 /* Cave8ViewController.storyboard */; };
		BAA9D3782542DDE300F0A736 /* Cave9ViewController.storyboard in Resources */ = {isa = PBXBuildFile; fileRef = BAA9D3772542DDE300F0A736 /* Cave9ViewController.storyboard */; };
		BAA9D37C2542E18800F0A736 /* BattleMessageViewController.storyboard in Resources */ = {isa = PBXBuildFile; fileRef = BAA9D37B2542E18800F0A736 /* BattleMessageViewController.storyboard */; };
		BAA9D37F2542E1A500F0A736 /* BattleCommandViewController.storyboard in Resources */ = {isa = PBXBuildFile; fileRef = BAA9D37E2542E1A500F0A736 /* BattleCommandViewController.storyboard */; };
		BAA9D3882542EAF800F0A736 /* ButtonView.xib in Resources */ = {isa = PBXBuildFile; fileRef = BAA9D3872542EAF800F0A736 /* ButtonView.xib */; };
		BAA9D38B2542EB4F00F0A736 /* MessageView.xib in Resources */ = {isa = PBXBuildFile; fileRef = BAA9D38A2542EB4F00F0A736 /* MessageView.xib */; };
		BAA9D38E2542EB7500F0A736 /* BattleCommandView.xib in Resources */ = {isa = PBXBuildFile; fileRef = BAA9D38D2542EB7500F0A736 /* BattleCommandView.xib */; };
		BAA9D3922542F0A100F0A736 /* ButtonView.swift in Sources */ = {isa = PBXBuildFile; fileRef = BAA9D3912542F0A100F0A736 /* ButtonView.swift */; };
		BAC68A5923177FF400D78495 /* Introduction1ViewController.swift in Sources */ = {isa = PBXBuildFile; fileRef = BAC68A5823177FF400D78495 /* Introduction1ViewController.swift */; };
		BAC68A5B2317814D00D78495 /* Introduction2ViewController.swift in Sources */ = {isa = PBXBuildFile; fileRef = BAC68A5A2317814D00D78495 /* Introduction2ViewController.swift */; };
		BAC68A5D2317816700D78495 /* story3ViewController.swift in Sources */ = {isa = PBXBuildFile; fileRef = BAC68A5C2317816700D78495 /* story3ViewController.swift */; };
		BACE9B202542AB5100620ADC /* R.generated.swift in Sources */ = {isa = PBXBuildFile; fileRef = BACE9B1F2542AB5100620ADC /* R.generated.swift */; };
/* End PBXBuildFile section */

/* Begin PBXFileReference section */
		36FDC4AC2D894E98AB15D1FD /* Pods-firstRPG.release.xcconfig */ = {isa = PBXFileReference; includeInIndex = 1; lastKnownFileType = text.xcconfig; name = "Pods-firstRPG.release.xcconfig"; path = "Target Support Files/Pods-firstRPG/Pods-firstRPG.release.xcconfig"; sourceTree = "<group>"; };
		701304302C460A768324CECD /* Pods-firstRPG.debug.xcconfig */ = {isa = PBXFileReference; includeInIndex = 1; lastKnownFileType = text.xcconfig; name = "Pods-firstRPG.debug.xcconfig"; path = "Target Support Files/Pods-firstRPG/Pods-firstRPG.debug.xcconfig"; sourceTree = "<group>"; };
		BA1F24662317C0A8003BA769 /* AppTopViewController.swift */ = {isa = PBXFileReference; lastKnownFileType = sourcecode.swift; path = AppTopViewController.swift; sourceTree = "<group>"; };
		BA23F5FF2585E08D008AB69B /* Sound.swift */ = {isa = PBXFileReference; lastKnownFileType = sourcecode.swift; path = Sound.swift; sourceTree = "<group>"; };
		BA23F6032585EA90008AB69B /* voice_female.mp3 */ = {isa = PBXFileReference; lastKnownFileType = audio.mp3; name = voice_female.mp3; path = ../../../../../../../Desktop/nemimi_bgm/voice_female.mp3; sourceTree = "<group>"; };
		BA23F6042585EA90008AB69B /* voice_male.mp3 */ = {isa = PBXFileReference; lastKnownFileType = audio.mp3; name = voice_male.mp3; path = ../../../../../../../Desktop/nemimi_bgm/voice_male.mp3; sourceTree = "<group>"; };
		BA2A5DB3254EC8800085A3EF /* MessageEntity.swift */ = {isa = PBXFileReference; lastKnownFileType = sourcecode.swift; path = MessageEntity.swift; sourceTree = "<group>"; };
		BA2A9CAE230E65FE00E13DC8 /* cave9ViewController.swift */ = {isa = PBXFileReference; lastKnownFileType = sourcecode.swift; path = cave9ViewController.swift; sourceTree = "<group>"; };
		BA2A9CB0230E6E3B00E13DC8 /* cave2ViewController.swift */ = {isa = PBXFileReference; lastKnownFileType = sourcecode.swift; path = cave2ViewController.swift; sourceTree = "<group>"; };
		BA3849972305548C006E7BA0 /* firstRPG.app */ = {isa = PBXFileReference; explicitFileType = wrapper.application; includeInIndex = 0; path = firstRPG.app; sourceTree = BUILT_PRODUCTS_DIR; };
		BA38499A2305548C006E7BA0 /* AppDelegate.swift */ = {isa = PBXFileReference; lastKnownFileType = sourcecode.swift; path = AppDelegate.swift; sourceTree = "<group>"; };
		BA38499C2305548C006E7BA0 /* cave1ViewController.swift */ = {isa = PBXFileReference; lastKnownFileType = sourcecode.swift; path = cave1ViewController.swift; sourceTree = "<group>"; };
		BA3849A12305548D006E7BA0 /* Assets.xcassets */ = {isa = PBXFileReference; lastKnownFileType = folder.assetcatalog; path = Assets.xcassets; sourceTree = "<group>"; };
		BA3849A42305548D006E7BA0 /* Base */ = {isa = PBXFileReference; lastKnownFileType = file.storyboard; name = Base; path = Base.lproj/LaunchScreen.storyboard; sourceTree = "<group>"; };
		BA3849A62305548D006E7BA0 /* Info.plist */ = {isa = PBXFileReference; lastKnownFileType = text.plist.xml; path = Info.plist; sourceTree = "<group>"; };
		BA3849FC230BC306006E7BA0 /* battleMessageViewController.swift */ = {isa = PBXFileReference; lastKnownFileType = sourcecode.swift; path = battleMessageViewController.swift; sourceTree = "<group>"; };
		BA384A00230C1E5D006E7BA0 /* battleCommandViewController.swift */ = {isa = PBXFileReference; lastKnownFileType = sourcecode.swift; path = battleCommandViewController.swift; sourceTree = "<group>"; };
		BA3887B625451CEF00C5380E /* MessageView.swift */ = {isa = PBXFileReference; lastKnownFileType = sourcecode.swift; path = MessageView.swift; sourceTree = "<group>"; };
		BA3887C5254599E100C5380E /* Introduction2ViewModel.swift */ = {isa = PBXFileReference; lastKnownFileType = sourcecode.swift; path = Introduction2ViewModel.swift; sourceTree = "<group>"; };
		BA3887CA254BA79600C5380E /* Introduction1ViewModel.swift */ = {isa = PBXFileReference; lastKnownFileType = sourcecode.swift; path = Introduction1ViewModel.swift; sourceTree = "<group>"; };
		BA4447F223103B37006E4E16 /* cave3ViewController.swift */ = {isa = PBXFileReference; lastKnownFileType = sourcecode.swift; path = cave3ViewController.swift; sourceTree = "<group>"; };
		BA89C2FC2313DF3F00EBBAC8 /* cave4ViewController.swift */ = {isa = PBXFileReference; lastKnownFileType = sourcecode.swift; path = cave4ViewController.swift; sourceTree = "<group>"; };
		BA89C2FE2313DF4F00EBBAC8 /* cave5ViewController.swift */ = {isa = PBXFileReference; lastKnownFileType = sourcecode.swift; path = cave5ViewController.swift; sourceTree = "<group>"; };
		BA89C3002313DF5D00EBBAC8 /* cave6ViewController.swift */ = {isa = PBXFileReference; lastKnownFileType = sourcecode.swift; path = cave6ViewController.swift; sourceTree = "<group>"; };
		BA89C3022313DF7200EBBAC8 /* cave7ViewController.swift */ = {isa = PBXFileReference; lastKnownFileType = sourcecode.swift; path = cave7ViewController.swift; sourceTree = "<group>"; };
		BA89C3042313DF8100EBBAC8 /* cave8ViewController.swift */ = {isa = PBXFileReference; lastKnownFileType = sourcecode.swift; path = cave8ViewController.swift; sourceTree = "<group>"; };
		BAA9D34B2542D9A300F0A736 /* AppTop.storyboard */ = {isa = PBXFileReference; lastKnownFileType = file.storyboard; path = AppTop.storyboard; sourceTree = "<group>"; };
		BAA9D34F2542DA8400F0A736 /* Introduction1ViewController.storyboard */ = {isa = PBXFileReference; lastKnownFileType = file.storyboard; path = Introduction1ViewController.storyboard; sourceTree = "<group>"; };
		BAA9D3522542DAA500F0A736 /* Introduction2ViewController.storyboard */ = {isa = PBXFileReference; lastKnownFileType = file.storyboard; path = Introduction2ViewController.storyboard; sourceTree = "<group>"; };
		BAA9D3582542DBF400F0A736 /* EndingViewController.storyboard */ = {isa = PBXFileReference; lastKnownFileType = file.storyboard; path = EndingViewController.storyboard; sourceTree = "<group>"; };
		BAA9D35E2542DD4900F0A736 /* Cave1ViewController.storyboard */ = {isa = PBXFileReference; lastKnownFileType = file.storyboard; path = Cave1ViewController.storyboard; sourceTree = "<group>"; };
		BAA9D3622542DD9300F0A736 /* Cave2ViewController.storyboard */ = {isa = PBXFileReference; lastKnownFileType = file.storyboard; path = Cave2ViewController.storyboard; sourceTree = "<group>"; };
		BAA9D3652542DD9E00F0A736 /* Cave3ViewController.storyboard */ = {isa = PBXFileReference; lastKnownFileType = file.storyboard; path = Cave3ViewController.storyboard; sourceTree = "<group>"; };
		BAA9D3682542DDA900F0A736 /* Cave4ViewController.storyboard */ = {isa = PBXFileReference; lastKnownFileType = file.storyboard; path = Cave4ViewController.storyboard; sourceTree = "<group>"; };
		BAA9D36B2542DDB500F0A736 /* Cave5ViewController.storyboard */ = {isa = PBXFileReference; lastKnownFileType = file.storyboard; path = Cave5ViewController.storyboard; sourceTree = "<group>"; };
		BAA9D36E2542DDC000F0A736 /* Cave6ViewController.storyboard */ = {isa = PBXFileReference; lastKnownFileType = file.storyboard; path = Cave6ViewController.storyboard; sourceTree = "<group>"; };
		BAA9D3712542DDCB00F0A736 /* Cave7ViewController.storyboard */ = {isa = PBXFileReference; lastKnownFileType = file.storyboard; path = Cave7ViewController.storyboard; sourceTree = "<group>"; };
		BAA9D3742542DDD800F0A736 /* Cave8ViewController.storyboard */ = {isa = PBXFileReference; lastKnownFileType = file.storyboard; path = Cave8ViewController.storyboard; sourceTree = "<group>"; };
		BAA9D3772542DDE300F0A736 /* Cave9ViewController.storyboard */ = {isa = PBXFileReference; lastKnownFileType = file.storyboard; path = Cave9ViewController.storyboard; sourceTree = "<group>"; };
		BAA9D37B2542E18800F0A736 /* BattleMessageViewController.storyboard */ = {isa = PBXFileReference; lastKnownFileType = file.storyboard; path = BattleMessageViewController.storyboard; sourceTree = "<group>"; };
		BAA9D37E2542E1A500F0A736 /* BattleCommandViewController.storyboard */ = {isa = PBXFileReference; lastKnownFileType = file.storyboard; path = BattleCommandViewController.storyboard; sourceTree = "<group>"; };
		BAA9D3872542EAF800F0A736 /* ButtonView.xib */ = {isa = PBXFileReference; lastKnownFileType = file.xib; path = ButtonView.xib; sourceTree = "<group>"; };
		BAA9D38A2542EB4F00F0A736 /* MessageView.xib */ = {isa = PBXFileReference; lastKnownFileType = file.xib; path = MessageView.xib; sourceTree = "<group>"; };
		BAA9D38D2542EB7500F0A736 /* BattleCommandView.xib */ = {isa = PBXFileReference; lastKnownFileType = file.xib; path = BattleCommandView.xib; sourceTree = "<group>"; };
		BAA9D3912542F0A100F0A736 /* ButtonView.swift */ = {isa = PBXFileReference; lastKnownFileType = sourcecode.swift; path = ButtonView.swift; sourceTree = "<group>"; };
		BAC68A5823177FF400D78495 /* Introduction1ViewController.swift */ = {isa = PBXFileReference; lastKnownFileType = sourcecode.swift; path = Introduction1ViewController.swift; sourceTree = "<group>"; };
		BAC68A5A2317814D00D78495 /* Introduction2ViewController.swift */ = {isa = PBXFileReference; lastKnownFileType = sourcecode.swift; path = Introduction2ViewController.swift; sourceTree = "<group>"; };
		BAC68A5C2317816700D78495 /* story3ViewController.swift */ = {isa = PBXFileReference; lastKnownFileType = sourcecode.swift; path = story3ViewController.swift; sourceTree = "<group>"; };
		BACE9B1F2542AB5100620ADC /* R.generated.swift */ = {isa = PBXFileReference; fileEncoding = 4; lastKnownFileType = sourcecode.swift; path = R.generated.swift; sourceTree = SOURCE_ROOT; };
		F95033C4BFEFF3AE2175C0E5 /* Pods_firstRPG.framework */ = {isa = PBXFileReference; explicitFileType = wrapper.framework; includeInIndex = 0; path = Pods_firstRPG.framework; sourceTree = BUILT_PRODUCTS_DIR; };
/* End PBXFileReference section */

/* Begin PBXFrameworksBuildPhase section */
		BA3849942305548C006E7BA0 /* Frameworks */ = {
			isa = PBXFrameworksBuildPhase;
			buildActionMask = 2147483647;
			files = (
				466ABDD5956C615BB1A9CD6A /* Pods_firstRPG.framework in Frameworks */,
			);
			runOnlyForDeploymentPostprocessing = 0;
		};
/* End PBXFrameworksBuildPhase section */

/* Begin PBXGroup section */
		157314D2175FAF849736D8BE /* Frameworks */ = {
			isa = PBXGroup;
			children = (
				F95033C4BFEFF3AE2175C0E5 /* Pods_firstRPG.framework */,
			);
			name = Frameworks;
			sourceTree = "<group>";
		};
		BA23F5E2258356F3008AB69B /* BGM */ = {
			isa = PBXGroup;
			children = (
				BA23F5E325835702008AB69B /* SoundEffect */,
				BA23F5FF2585E08D008AB69B /* Sound.swift */,
			);
			path = BGM;
			sourceTree = "<group>";
		};
		BA23F5E325835702008AB69B /* SoundEffect */ = {
			isa = PBXGroup;
			children = (
				BA23F6032585EA90008AB69B /* voice_female.mp3 */,
				BA23F6042585EA90008AB69B /* voice_male.mp3 */,
			);
			path = SoundEffect;
			sourceTree = "<group>";
		};
		BA2A5DB2254EC84A0085A3EF /* Entities */ = {
			isa = PBXGroup;
			children = (
				BA2A5DB3254EC8800085A3EF /* MessageEntity.swift */,
			);
			path = Entities;
			sourceTree = "<group>";
		};
		BA38498E2305548C006E7BA0 = {
			isa = PBXGroup;
			children = (
				BA3849992305548C006E7BA0 /* firstRPG */,
				157314D2175FAF849736D8BE /* Frameworks */,
				E84250B5B979507CE8E77650 /* Pods */,
				BA3849982305548C006E7BA0 /* Products */,
			);
			sourceTree = "<group>";
		};
		BA3849982305548C006E7BA0 /* Products */ = {
			isa = PBXGroup;
			children = (
				BA3849972305548C006E7BA0 /* firstRPG.app */,
			);
			name = Products;
			sourceTree = "<group>";
		};
		BA3849992305548C006E7BA0 /* firstRPG */ = {
			isa = PBXGroup;
			children = (
				BACE9B262542D11600620ADC /* Resources */,
				BACE9B282542D14700620ADC /* Supporting Files */,
				BACE9B1A2542AA2800620ADC /* src */,
				BA3849A12305548D006E7BA0 /* Assets.xcassets */,
			);
			path = firstRPG;
			sourceTree = "<group>";
		};
		BA3849FE230C1DFD006E7BA0 /* Battle */ = {
			isa = PBXGroup;
			children = (
				BAA9D37E2542E1A500F0A736 /* BattleCommandViewController.storyboard */,
				BA384A00230C1E5D006E7BA0 /* battleCommandViewController.swift */,
				BAA9D37B2542E18800F0A736 /* BattleMessageViewController.storyboard */,
				BA3849FC230BC306006E7BA0 /* battleMessageViewController.swift */,
			);
			path = Battle;
			sourceTree = "<group>";
		};
		BA3849FF230C1E17006E7BA0 /* Dungeon */ = {
			isa = PBXGroup;
			children = (
				BAA9D35D2542DCF300F0A736 /* CaveDungeon */,
			);
			path = Dungeon;
			sourceTree = "<group>";
		};
		BA3887C3254599BD00C5380E /* Story */ = {
			isa = PBXGroup;
			children = (
				BA3887C4254599C500C5380E /* Introduction */,
			);
			path = Story;
			sourceTree = "<group>";
		};
		BA3887C4254599C500C5380E /* Introduction */ = {
			isa = PBXGroup;
			children = (
				BA3887CA254BA79600C5380E /* Introduction1ViewModel.swift */,
				BA3887C5254599E100C5380E /* Introduction2ViewModel.swift */,
			);
			path = Introduction;
			sourceTree = "<group>";
		};
		BAA9D34A2542D98100F0A736 /* AppTop */ = {
			isa = PBXGroup;
			children = (
				BAA9D34B2542D9A300F0A736 /* AppTop.storyboard */,
				BA1F24662317C0A8003BA769 /* AppTopViewController.swift */,
			);
			path = AppTop;
			sourceTree = "<group>";
		};
		BAA9D34E2542DA4E00F0A736 /* Introduction */ = {
			isa = PBXGroup;
			children = (
				BAA9D34F2542DA8400F0A736 /* Introduction1ViewController.storyboard */,
				BAC68A5823177FF400D78495 /* Introduction1ViewController.swift */,
				BAA9D3522542DAA500F0A736 /* Introduction2ViewController.storyboard */,
				BAC68A5A2317814D00D78495 /* Introduction2ViewController.swift */,
			);
			path = Introduction;
			sourceTree = "<group>";
		};
		BAA9D3562542DB7E00F0A736 /* Ending */ = {
			isa = PBXGroup;
			children = (
				BAA9D3582542DBF400F0A736 /* EndingViewController.storyboard */,
				BAC68A5C2317816700D78495 /* story3ViewController.swift */,
			);
			path = Ending;
			sourceTree = "<group>";
		};
		BAA9D35D2542DCF300F0A736 /* CaveDungeon */ = {
			isa = PBXGroup;
			children = (
				BAA9D35E2542DD4900F0A736 /* Cave1ViewController.storyboard */,
				BA38499C2305548C006E7BA0 /* cave1ViewController.swift */,
				BAA9D3622542DD9300F0A736 /* Cave2ViewController.storyboard */,
				BA2A9CB0230E6E3B00E13DC8 /* cave2ViewController.swift */,
				BAA9D3652542DD9E00F0A736 /* Cave3ViewController.storyboard */,
				BA4447F223103B37006E4E16 /* cave3ViewController.swift */,
				BAA9D3682542DDA900F0A736 /* Cave4ViewController.storyboard */,
				BA89C2FC2313DF3F00EBBAC8 /* cave4ViewController.swift */,
				BAA9D36B2542DDB500F0A736 /* Cave5ViewController.storyboard */,
				BA89C2FE2313DF4F00EBBAC8 /* cave5ViewController.swift */,
				BAA9D36E2542DDC000F0A736 /* Cave6ViewController.storyboard */,
				BA89C3002313DF5D00EBBAC8 /* cave6ViewController.swift */,
				BAA9D3712542DDCB00F0A736 /* Cave7ViewController.storyboard */,
				BA89C3022313DF7200EBBAC8 /* cave7ViewController.swift */,
				BAA9D3742542DDD800F0A736 /* Cave8ViewController.storyboard */,
				BA89C3042313DF8100EBBAC8 /* cave8ViewController.swift */,
				BAA9D3772542DDE300F0A736 /* Cave9ViewController.storyboard */,
				BA2A9CAE230E65FE00E13DC8 /* cave9ViewController.swift */,
			);
			path = CaveDungeon;
			sourceTree = "<group>";
		};
		BAA9D3862542E84500F0A736 /* Common */ = {
			isa = PBXGroup;
			children = (
				BAA9D38D2542EB7500F0A736 /* BattleCommandView.xib */,
				BAA9D3872542EAF800F0A736 /* ButtonView.xib */,
				BAA9D3912542F0A100F0A736 /* ButtonView.swift */,
				BAA9D38A2542EB4F00F0A736 /* MessageView.xib */,
				BA3887B625451CEF00C5380E /* MessageView.swift */,
			);
			path = Common;
			sourceTree = "<group>";
		};
		BAC68A5723177FC300D78495 /* Story */ = {
			isa = PBXGroup;
			children = (
				BAA9D3562542DB7E00F0A736 /* Ending */,
				BAA9D34E2542DA4E00F0A736 /* Introduction */,
			);
			path = Story;
			sourceTree = "<group>";
		};
		BACE9B1A2542AA2800620ADC /* src */ = {
			isa = PBXGroup;
			children = (
				BA23F5E2258356F3008AB69B /* BGM */,
				BA2A5DB2254EC84A0085A3EF /* Entities */,
				BACE9B2B2542D21400620ADC /* ViewModels */,
				BACE9B2A2542D20900620ADC /* Views */,
				BACE9B292542D1ED00620ADC /* Models */,
				BA38499A2305548C006E7BA0 /* AppDelegate.swift */,
				BACE9B1F2542AB5100620ADC /* R.generated.swift */,
			);
			path = src;
			sourceTree = "<group>";
		};
		BACE9B262542D11600620ADC /* Resources */ = {
			isa = PBXGroup;
			children = (
				BACE9B272542D13000620ADC /* Fonts */,
			);
			path = Resources;
			sourceTree = "<group>";
		};
		BACE9B272542D13000620ADC /* Fonts */ = {
			isa = PBXGroup;
			children = (
			);
			path = Fonts;
			sourceTree = "<group>";
		};
		BACE9B282542D14700620ADC /* Supporting Files */ = {
			isa = PBXGroup;
			children = (
				BA3849A62305548D006E7BA0 /* Info.plist */,
				BA3849A32305548D006E7BA0 /* LaunchScreen.storyboard */,
			);
			path = "Supporting Files";
			sourceTree = "<group>";
		};
		BACE9B292542D1ED00620ADC /* Models */ = {
			isa = PBXGroup;
			children = (
			);
			path = Models;
			sourceTree = "<group>";
		};
		BACE9B2A2542D20900620ADC /* Views */ = {
			isa = PBXGroup;
			children = (
				BAA9D34A2542D98100F0A736 /* AppTop */,
				BA3849FE230C1DFD006E7BA0 /* Battle */,
				BAA9D3862542E84500F0A736 /* Common */,
				BA3849FF230C1E17006E7BA0 /* Dungeon */,
				BAC68A5723177FC300D78495 /* Story */,
			);
			path = Views;
			sourceTree = "<group>";
		};
		BACE9B2B2542D21400620ADC /* ViewModels */ = {
			isa = PBXGroup;
			children = (
				BA3887C3254599BD00C5380E /* Story */,
			);
			path = ViewModels;
			sourceTree = "<group>";
		};
		E84250B5B979507CE8E77650 /* Pods */ = {
			isa = PBXGroup;
			children = (
				701304302C460A768324CECD /* Pods-firstRPG.debug.xcconfig */,
				36FDC4AC2D894E98AB15D1FD /* Pods-firstRPG.release.xcconfig */,
			);
			path = Pods;
			sourceTree = "<group>";
		};
/* End PBXGroup section */

/* Begin PBXNativeTarget section */
		BA3849962305548C006E7BA0 /* firstRPG */ = {
			isa = PBXNativeTarget;
			buildConfigurationList = BA3849A92305548D006E7BA0 /* Build configuration list for PBXNativeTarget "firstRPG" */;
			buildPhases = (
				D5A0224FFE835700D014F96F /* [CP] Check Pods Manifest.lock */,
				BACE9B112542A7DE00620ADC /* [R.swift] Run Script */,
				BA3849932305548C006E7BA0 /* Sources */,
				BA3849942305548C006E7BA0 /* Frameworks */,
				BA3849952305548C006E7BA0 /* Resources */,
				B6BD9765F25A23B983B8CF40 /* [CP] Embed Pods Frameworks */,
			);
			buildRules = (
			);
			dependencies = (
			);
			name = firstRPG;
			productName = firstRPG;
			productReference = BA3849972305548C006E7BA0 /* firstRPG.app */;
			productType = "com.apple.product-type.application";
		};
/* End PBXNativeTarget section */

/* Begin PBXProject section */
		BA38498F2305548C006E7BA0 /* Project object */ = {
			isa = PBXProject;
			attributes = {
				LastSwiftUpdateCheck = 1020;
				LastUpgradeCheck = 1020;
				ORGANIZATIONNAME = "吉澤優衣";
				TargetAttributes = {
					BA3849962305548C006E7BA0 = {
						CreatedOnToolsVersion = 10.2.1;
					};
				};
			};
			buildConfigurationList = BA3849922305548C006E7BA0 /* Build configuration list for PBXProject "firstRPG" */;
			compatibilityVersion = "Xcode 9.3";
			developmentRegion = en;
			hasScannedForEncodings = 0;
			knownRegions = (
				en,
				Base,
			);
			mainGroup = BA38498E2305548C006E7BA0;
			productRefGroup = BA3849982305548C006E7BA0 /* Products */;
			projectDirPath = "";
			projectRoot = "";
			targets = (
				BA3849962305548C006E7BA0 /* firstRPG */,
			);
		};
/* End PBXProject section */

/* Begin PBXResourcesBuildPhase section */
		BA3849952305548C006E7BA0 /* Resources */ = {
			isa = PBXResourcesBuildPhase;
			buildActionMask = 2147483647;
			files = (
				BAA9D3722542DDCB00F0A736 /* Cave7ViewController.storyboard in Resources */,
				BAA9D3632542DD9300F0A736 /* Cave2ViewController.storyboard in Resources */,
				BAA9D3502542DA8400F0A736 /* Introduction1ViewController.storyboard in Resources */,
				BAA9D3532542DAA500F0A736 /* Introduction2ViewController.storyboard in Resources */,
				BAA9D38E2542EB7500F0A736 /* BattleCommandView.xib in Resources */,
				BAA9D3752542DDD800F0A736 /* Cave8ViewController.storyboard in Resources */,
				BAA9D34C2542D9A300F0A736 /* AppTop.storyboard in Resources */,
				BAA9D36C2542DDB500F0A736 /* Cave5ViewController.storyboard in Resources */,
				BA23F6062585EA90008AB69B /* voice_male.mp3 in Resources */,
				BAA9D37F2542E1A500F0A736 /* BattleCommandViewController.storyboard in Resources */,
				BAA9D3662542DD9E00F0A736 /* Cave3ViewController.storyboard in Resources */,
				BAA9D38B2542EB4F00F0A736 /* MessageView.xib in Resources */,
				BAA9D3592542DBF400F0A736 /* EndingViewController.storyboard in Resources */,
				BAA9D3692542DDA900F0A736 /* Cave4ViewController.storyboard in Resources */,
				BAA9D35F2542DD4900F0A736 /* Cave1ViewController.storyboard in Resources */,
				BA3849A52305548D006E7BA0 /* LaunchScreen.storyboard in Resources */,
				BAA9D37C2542E18800F0A736 /* BattleMessageViewController.storyboard in Resources */,
				BA23F6052585EA90008AB69B /* voice_female.mp3 in Resources */,
				BAA9D3882542EAF800F0A736 /* ButtonView.xib in Resources */,
				BAA9D3782542DDE300F0A736 /* Cave9ViewController.storyboard in Resources */,
				BA3849A22305548D006E7BA0 /* Assets.xcassets in Resources */,
				BAA9D36F2542DDC000F0A736 /* Cave6ViewController.storyboard in Resources */,
			);
			runOnlyForDeploymentPostprocessing = 0;
		};
/* End PBXResourcesBuildPhase section */

/* Begin PBXShellScriptBuildPhase section */
		B6BD9765F25A23B983B8CF40 /* [CP] Embed Pods Frameworks */ = {
			isa = PBXShellScriptBuildPhase;
			buildActionMask = 2147483647;
			files = (
			);
			inputFileListPaths = (
				"${PODS_ROOT}/Target Support Files/Pods-firstRPG/Pods-firstRPG-frameworks-${CONFIGURATION}-input-files.xcfilelist",
			);
			name = "[CP] Embed Pods Frameworks";
			outputFileListPaths = (
				"${PODS_ROOT}/Target Support Files/Pods-firstRPG/Pods-firstRPG-frameworks-${CONFIGURATION}-output-files.xcfilelist",
			);
			runOnlyForDeploymentPostprocessing = 0;
			shellPath = /bin/sh;
			shellScript = "\"${PODS_ROOT}/Target Support Files/Pods-firstRPG/Pods-firstRPG-frameworks.sh\"\n";
			showEnvVarsInLog = 0;
		};
		BACE9B112542A7DE00620ADC /* [R.swift] Run Script */ = {
			isa = PBXShellScriptBuildPhase;
			buildActionMask = 2147483647;
			files = (
			);
			inputFileListPaths = (
			);
			inputPaths = (
				"$TEMP_DIR/rswift-lastrun",
			);
			name = "[R.swift] Run Script";
			outputFileListPaths = (
			);
			outputPaths = (
				$SRCROOT/R.generated.swift,
			);
			runOnlyForDeploymentPostprocessing = 0;
			shellPath = /bin/sh;
			shellScript = "\"$PODS_ROOT/R.swift/rswift\" generate \"$SRCROOT/R.generated.swift\"\n";
		};
		D5A0224FFE835700D014F96F /* [CP] Check Pods Manifest.lock */ = {
			isa = PBXShellScriptBuildPhase;
			buildActionMask = 2147483647;
			files = (
			);
			inputFileListPaths = (
			);
			inputPaths = (
				"${PODS_PODFILE_DIR_PATH}/Podfile.lock",
				"${PODS_ROOT}/Manifest.lock",
			);
			name = "[CP] Check Pods Manifest.lock";
			outputFileListPaths = (
			);
			outputPaths = (
				"$(DERIVED_FILE_DIR)/Pods-firstRPG-checkManifestLockResult.txt",
			);
			runOnlyForDeploymentPostprocessing = 0;
			shellPath = /bin/sh;
			shellScript = "diff \"${PODS_PODFILE_DIR_PATH}/Podfile.lock\" \"${PODS_ROOT}/Manifest.lock\" > /dev/null\nif [ $? != 0 ] ; then\n    # print error to STDERR\n    echo \"error: The sandbox is not in sync with the Podfile.lock. Run 'pod install' or update your CocoaPods installation.\" >&2\n    exit 1\nfi\n# This output is used by Xcode 'outputs' to avoid re-running this script phase.\necho \"SUCCESS\" > \"${SCRIPT_OUTPUT_FILE_0}\"\n";
			showEnvVarsInLog = 0;
		};
/* End PBXShellScriptBuildPhase section */

/* Begin PBXSourcesBuildPhase section */
		BA3849932305548C006E7BA0 /* Sources */ = {
			isa = PBXSourcesBuildPhase;
			buildActionMask = 2147483647;
			files = (
				BA23F6002585E08D008AB69B /* Sound.swift in Sources */,
				BA89C2FD2313DF3F00EBBAC8 /* cave4ViewController.swift in Sources */,
				BAC68A5B2317814D00D78495 /* Introduction2ViewController.swift in Sources */,
				BA89C3032313DF7200EBBAC8 /* cave7ViewController.swift in Sources */,
				BA89C3012313DF5D00EBBAC8 /* cave6ViewController.swift in Sources */,
				BA1F24672317C0A8003BA769 /* AppTopViewController.swift in Sources */,
				BAC68A5923177FF400D78495 /* Introduction1ViewController.swift in Sources */,
				BA2A5DB4254EC8800085A3EF /* MessageEntity.swift in Sources */,
				BA384A01230C1E5D006E7BA0 /* battleCommandViewController.swift in Sources */,
				BA2A9CB1230E6E3B00E13DC8 /* cave2ViewController.swift in Sources */,
				BAA9D3922542F0A100F0A736 /* ButtonView.swift in Sources */,
				BAC68A5D2317816700D78495 /* story3ViewController.swift in Sources */,
				BA3887C6254599E100C5380E /* Introduction2ViewModel.swift in Sources */,
				BA38499D2305548C006E7BA0 /* cave1ViewController.swift in Sources */,
				BA3887B725451CEF00C5380E /* MessageView.swift in Sources */,
				BACE9B202542AB5100620ADC /* R.generated.swift in Sources */,
				BA2A9CAF230E65FE00E13DC8 /* cave9ViewController.swift in Sources */,
				BA4447F323103B37006E4E16 /* cave3ViewController.swift in Sources */,
				BA38499B2305548C006E7BA0 /* AppDelegate.swift in Sources */,
				BA3849FD230BC306006E7BA0 /* battleMessageViewController.swift in Sources */,
				BA89C2FF2313DF4F00EBBAC8 /* cave5ViewController.swift in Sources */,
				BA3887CB254BA79600C5380E /* Introduction1ViewModel.swift in Sources */,
				BA89C3052313DF8100EBBAC8 /* cave8ViewController.swift in Sources */,
			);
			runOnlyForDeploymentPostprocessing = 0;
		};
/* End PBXSourcesBuildPhase section */

/* Begin PBXVariantGroup section */
		BA3849A32305548D006E7BA0 /* LaunchScreen.storyboard */ = {
			isa = PBXVariantGroup;
			children = (
				BA3849A42305548D006E7BA0 /* Base */,
			);
			name = LaunchScreen.storyboard;
			sourceTree = "<group>";
		};
/* End PBXVariantGroup section */

/* Begin XCBuildConfiguration section */
		BA3849A72305548D006E7BA0 /* Debug */ = {
			isa = XCBuildConfiguration;
			buildSettings = {
				ALWAYS_SEARCH_USER_PATHS = NO;
				CLANG_ANALYZER_NONNULL = YES;
				CLANG_ANALYZER_NUMBER_OBJECT_CONVERSION = YES_AGGRESSIVE;
				CLANG_CXX_LANGUAGE_STANDARD = "gnu++14";
				CLANG_CXX_LIBRARY = "libc++";
				CLANG_ENABLE_MODULES = YES;
				CLANG_ENABLE_OBJC_ARC = YES;
				CLANG_ENABLE_OBJC_WEAK = YES;
				CLANG_WARN_BLOCK_CAPTURE_AUTORELEASING = YES;
				CLANG_WARN_BOOL_CONVERSION = YES;
				CLANG_WARN_COMMA = YES;
				CLANG_WARN_CONSTANT_CONVERSION = YES;
				CLANG_WARN_DEPRECATED_OBJC_IMPLEMENTATIONS = YES;
				CLANG_WARN_DIRECT_OBJC_ISA_USAGE = YES_ERROR;
				CLANG_WARN_DOCUMENTATION_COMMENTS = YES;
				CLANG_WARN_EMPTY_BODY = YES;
				CLANG_WARN_ENUM_CONVERSION = YES;
				CLANG_WARN_INFINITE_RECURSION = YES;
				CLANG_WARN_INT_CONVERSION = YES;
				CLANG_WARN_NON_LITERAL_NULL_CONVERSION = YES;
				CLANG_WARN_OBJC_IMPLICIT_RETAIN_SELF = YES;
				CLANG_WARN_OBJC_LITERAL_CONVERSION = YES;
				CLANG_WARN_OBJC_ROOT_CLASS = YES_ERROR;
				CLANG_WARN_RANGE_LOOP_ANALYSIS = YES;
				CLANG_WARN_STRICT_PROTOTYPES = YES;
				CLANG_WARN_SUSPICIOUS_MOVE = YES;
				CLANG_WARN_UNGUARDED_AVAILABILITY = YES_AGGRESSIVE;
				CLANG_WARN_UNREACHABLE_CODE = YES;
				CLANG_WARN__DUPLICATE_METHOD_MATCH = YES;
				CODE_SIGN_IDENTITY = "iPhone Developer";
				COPY_PHASE_STRIP = NO;
				DEBUG_INFORMATION_FORMAT = dwarf;
				ENABLE_STRICT_OBJC_MSGSEND = YES;
				ENABLE_TESTABILITY = YES;
				GCC_C_LANGUAGE_STANDARD = gnu11;
				GCC_DYNAMIC_NO_PIC = NO;
				GCC_NO_COMMON_BLOCKS = YES;
				GCC_OPTIMIZATION_LEVEL = 0;
				GCC_PREPROCESSOR_DEFINITIONS = (
					"DEBUG=1",
					"$(inherited)",
				);
				GCC_WARN_64_TO_32_BIT_CONVERSION = YES;
				GCC_WARN_ABOUT_RETURN_TYPE = YES_ERROR;
				GCC_WARN_UNDECLARED_SELECTOR = YES;
				GCC_WARN_UNINITIALIZED_AUTOS = YES_AGGRESSIVE;
				GCC_WARN_UNUSED_FUNCTION = YES;
				GCC_WARN_UNUSED_VARIABLE = YES;
				IPHONEOS_DEPLOYMENT_TARGET = 12.2;
				MTL_ENABLE_DEBUG_INFO = INCLUDE_SOURCE;
				MTL_FAST_MATH = YES;
				ONLY_ACTIVE_ARCH = YES;
				SDKROOT = iphoneos;
				SWIFT_ACTIVE_COMPILATION_CONDITIONS = DEBUG;
				SWIFT_OPTIMIZATION_LEVEL = "-Onone";
			};
			name = Debug;
		};
		BA3849A82305548D006E7BA0 /* Release */ = {
			isa = XCBuildConfiguration;
			buildSettings = {
				ALWAYS_SEARCH_USER_PATHS = NO;
				CLANG_ANALYZER_NONNULL = YES;
				CLANG_ANALYZER_NUMBER_OBJECT_CONVERSION = YES_AGGRESSIVE;
				CLANG_CXX_LANGUAGE_STANDARD = "gnu++14";
				CLANG_CXX_LIBRARY = "libc++";
				CLANG_ENABLE_MODULES = YES;
				CLANG_ENABLE_OBJC_ARC = YES;
				CLANG_ENABLE_OBJC_WEAK = YES;
				CLANG_WARN_BLOCK_CAPTURE_AUTORELEASING = YES;
				CLANG_WARN_BOOL_CONVERSION = YES;
				CLANG_WARN_COMMA = YES;
				CLANG_WARN_CONSTANT_CONVERSION = YES;
				CLANG_WARN_DEPRECATED_OBJC_IMPLEMENTATIONS = YES;
				CLANG_WARN_DIRECT_OBJC_ISA_USAGE = YES_ERROR;
				CLANG_WARN_DOCUMENTATION_COMMENTS = YES;
				CLANG_WARN_EMPTY_BODY = YES;
				CLANG_WARN_ENUM_CONVERSION = YES;
				CLANG_WARN_INFINITE_RECURSION = YES;
				CLANG_WARN_INT_CONVERSION = YES;
				CLANG_WARN_NON_LITERAL_NULL_CONVERSION = YES;
				CLANG_WARN_OBJC_IMPLICIT_RETAIN_SELF = YES;
				CLANG_WARN_OBJC_LITERAL_CONVERSION = YES;
				CLANG_WARN_OBJC_ROOT_CLASS = YES_ERROR;
				CLANG_WARN_RANGE_LOOP_ANALYSIS = YES;
				CLANG_WARN_STRICT_PROTOTYPES = YES;
				CLANG_WARN_SUSPICIOUS_MOVE = YES;
				CLANG_WARN_UNGUARDED_AVAILABILITY = YES_AGGRESSIVE;
				CLANG_WARN_UNREACHABLE_CODE = YES;
				CLANG_WARN__DUPLICATE_METHOD_MATCH = YES;
				CODE_SIGN_IDENTITY = "iPhone Developer";
				COPY_PHASE_STRIP = NO;
				DEBUG_INFORMATION_FORMAT = "dwarf-with-dsym";
				ENABLE_NS_ASSERTIONS = NO;
				ENABLE_STRICT_OBJC_MSGSEND = YES;
				GCC_C_LANGUAGE_STANDARD = gnu11;
				GCC_NO_COMMON_BLOCKS = YES;
				GCC_WARN_64_TO_32_BIT_CONVERSION = YES;
				GCC_WARN_ABOUT_RETURN_TYPE = YES_ERROR;
				GCC_WARN_UNDECLARED_SELECTOR = YES;
				GCC_WARN_UNINITIALIZED_AUTOS = YES_AGGRESSIVE;
				GCC_WARN_UNUSED_FUNCTION = YES;
				GCC_WARN_UNUSED_VARIABLE = YES;
				IPHONEOS_DEPLOYMENT_TARGET = 12.2;
				MTL_ENABLE_DEBUG_INFO = NO;
				MTL_FAST_MATH = YES;
				SDKROOT = iphoneos;
				SWIFT_COMPILATION_MODE = wholemodule;
				SWIFT_OPTIMIZATION_LEVEL = "-O";
				VALIDATE_PRODUCT = YES;
			};
			name = Release;
		};
		BA3849AA2305548D006E7BA0 /* Debug */ = {
			isa = XCBuildConfiguration;
			baseConfigurationReference = 701304302C460A768324CECD /* Pods-firstRPG.debug.xcconfig */;
			buildSettings = {
				ASSETCATALOG_COMPILER_APPICON_NAME = AppIcon;
				CODE_SIGN_STYLE = Automatic;
				DEVELOPMENT_TEAM = 69H3H2U752;
				INFOPLIST_FILE = "$(SRCROOT)/firstRPG/Supporting Files/Info.plist";
				LD_RUNPATH_SEARCH_PATHS = (
					"$(inherited)",
					"@executable_path/Frameworks",
				);
				PRODUCT_BUNDLE_IDENTIFIER = project.firstRPG;
				PRODUCT_NAME = "$(TARGET_NAME)";
				SWIFT_VERSION = 5.0;
				TARGETED_DEVICE_FAMILY = 1;
			};
			name = Debug;
		};
		BA3849AB2305548D006E7BA0 /* Release */ = {
			isa = XCBuildConfiguration;
			baseConfigurationReference = 36FDC4AC2D894E98AB15D1FD /* Pods-firstRPG.release.xcconfig */;
			buildSettings = {
				ASSETCATALOG_COMPILER_APPICON_NAME = AppIcon;
				CODE_SIGN_STYLE = Automatic;
				DEVELOPMENT_TEAM = 69H3H2U752;
				INFOPLIST_FILE = "$(SRCROOT)/firstRPG/Supporting Files/Info.plist";
				LD_RUNPATH_SEARCH_PATHS = (
					"$(inherited)",
					"@executable_path/Frameworks",
				);
				PRODUCT_BUNDLE_IDENTIFIER = project.firstRPG;
				PRODUCT_NAME = "$(TARGET_NAME)";
				SWIFT_VERSION = 5.0;
				TARGETED_DEVICE_FAMILY = 1;
			};
			name = Release;
		};
/* End XCBuildConfiguration section */

/* Begin XCConfigurationList section */
		BA3849922305548C006E7BA0 /* Build configuration list for PBXProject "firstRPG" */ = {
			isa = XCConfigurationList;
			buildConfigurations = (
				BA3849A72305548D006E7BA0 /* Debug */,
				BA3849A82305548D006E7BA0 /* Release */,
			);
			defaultConfigurationIsVisible = 0;
			defaultConfigurationName = Release;
		};
		BA3849A92305548D006E7BA0 /* Build configuration list for PBXNativeTarget "firstRPG" */ = {
			isa = XCConfigurationList;
			buildConfigurations = (
				BA3849AA2305548D006E7BA0 /* Debug */,
				BA3849AB2305548D006E7BA0 /* Release */,
			);
			defaultConfigurationIsVisible = 0;
			defaultConfigurationName = Release;
		};
/* End XCConfigurationList section */
	};
	rootObject = BA38498F2305548C006E7BA0 /* Project object */;
}
